
Microsoft Visual Studio Solution File, Format Version 12.00
# Visual Studio Version 17
VisualStudioVersion = 17.4.33205.214
MinimumVisualStudioVersion = 10.0.40219.1
Project("{9A19103F-16F7-4668-BE54-9A1E7A4F7556}") = "RapiD.Geometry", "RapiD.Geometry\RapiD.Geometry.csproj", "{DBCD8391-83F2-4521-A4C5-C56CE16D4A39}"
EndProject
Global
	GlobalSection(SolutionConfigurationPlatforms) = preSolution
		Debug|Any CPU = Debug|Any CPU
		Release|Any CPU = Release|Any CPU
	EndGlobalSection
	GlobalSection(ProjectConfigurationPlatforms) = postSolution
		{DBCD8391-83F2-4521-A4C5-C56CE16D4A39}.Debug|Any CPU.ActiveCfg = Debug|Any CPU
		{DBCD8391-83F2-4521-A4C5-C56CE16D4A39}.Debug|Any CPU.Build.0 = Debug|Any CPU
		{DBCD8391-83F2-4521-A4C5-C56CE16D4A39}.Release|Any CPU.ActiveCfg = Release|Any CPU
		{DBCD8391-83F2-4521-A4C5-C56CE16D4A39}.Release|Any CPU.Build.0 = Release|Any CPU
	EndGlobalSection
	GlobalSection(SolutionProperties) = preSolution
		HideSolutionNode = FALSE
	EndGlobalSection
	GlobalSection(ExtensibilityGlobals) = postSolution
		SolutionGuid = {B0CCA785-2085-4E30-A1F6-365BD82E5C6F}
	EndGlobalSection
EndGlobal
