
Microsoft Visual Studio Solution File, Format Version 12.00
# Visual Studio Version 17
VisualStudioVersion = 17.4.33205.214
MinimumVisualStudioVersion = 10.0.40219.1
Project("{9A19103F-16F7-4668-BE54-9A1E7A4F7556}") = "RapiD.Geometry", "RapiD.Geometry\RapiD.Geometry.csproj", "{DBCD8391-83F2-4521-A4C5-C56CE16D4A39}"
EndProject
Project("{2150E333-8FDC-42A3-9474-1A3956D46DE8}") = "Solution Items", "Solution Items", "{183559A3-BF72-43C2-995E-4EBB870CCA18}"
	ProjectSection(SolutionItems) = preProject
		..\..\..\Downloads\chainbackground.png = ..\..\..\Downloads\chainbackground.png
	EndProjectSection
EndProject
Project("{2150E333-8FDC-42A3-9474-1A3956D46DE8}") = "resources", "resources", "{C4DFF171-18D7-4EA7-8C17-15B9B1F82927}"
EndProject
Project("{2150E333-8FDC-42A3-9474-1A3956D46DE8}") = "images", "images", "{3E1715AF-4F34-47B3-8001-35C9410AF352}"
	ProjectSection(SolutionItems) = preProject
		..\..\..\Downloads\chainbackground.png = ..\..\..\Downloads\chainbackground.png
	EndProjectSection
EndProject
Global
	GlobalSection(SolutionConfigurationPlatforms) = preSolution
		Debug|Any CPU = Debug|Any CPU
		Release|Any CPU = Release|Any CPU
	EndGlobalSection
	GlobalSection(ProjectConfigurationPlatforms) = postSolution
		{DBCD8391-83F2-4521-A4C5-C56CE16D4A39}.Debug|Any CPU.ActiveCfg = Debug|Any CPU
		{DBCD8391-83F2-4521-A4C5-C56CE16D4A39}.Debug|Any CPU.Build.0 = Debug|Any CPU
		{DBCD8391-83F2-4521-A4C5-C56CE16D4A39}.Release|Any CPU.ActiveCfg = Release|Any CPU
		{DBCD8391-83F2-4521-A4C5-C56CE16D4A39}.Release|Any CPU.Build.0 = Release|Any CPU
	EndGlobalSection
	GlobalSection(SolutionProperties) = preSolution
		HideSolutionNode = FALSE
	EndGlobalSection
	GlobalSection(NestedProjects) = preSolution
		{3E1715AF-4F34-47B3-8001-35C9410AF352} = {C4DFF171-18D7-4EA7-8C17-15B9B1F82927}
	EndGlobalSection
	GlobalSection(ExtensibilityGlobals) = postSolution
		SolutionGuid = {B0CCA785-2085-4E30-A1F6-365BD82E5C6F}
	EndGlobalSection
EndGlobal
